
Microsoft Visual Studio Solution File, Format Version 12.00
# Visual Studio 15
VisualStudioVersion = 15.0.27004.2010
MinimumVisualStudioVersion = 10.0.40219.1
Project("{FAE04EC0-301F-11D3-BF4B-00C04F79EFBC}") = "jpwp-bothegate-engine", "jpwp-bothegate-engine\jpwp-bothegate-engine.csproj", "{8D3C0B7F-5F76-456A-A8BD-2C58396E703D}"
EndProject
Project("{2150E333-8FDC-42A3-9474-1A3956D46DE8}") = "Solution Items", "Solution Items", "{C848686F-65C7-4B01-99DA-748A67905C95}"
EndProject
Global
	GlobalSection(SolutionConfigurationPlatforms) = preSolution
		Debug|Any CPU = Debug|Any CPU
		Release|Any CPU = Release|Any CPU
	EndGlobalSection
	GlobalSection(ProjectConfigurationPlatforms) = postSolution
		{8D3C0B7F-5F76-456A-A8BD-2C58396E703D}.Debug|Any CPU.ActiveCfg = Debug|Any CPU
		{8D3C0B7F-5F76-456A-A8BD-2C58396E703D}.Debug|Any CPU.Build.0 = Debug|Any CPU
		{8D3C0B7F-5F76-456A-A8BD-2C58396E703D}.Release|Any CPU.ActiveCfg = Release|Any CPU
		{8D3C0B7F-5F76-456A-A8BD-2C58396E703D}.Release|Any CPU.Build.0 = Release|Any CPU
	EndGlobalSection
	GlobalSection(SolutionProperties) = preSolution
		HideSolutionNode = FALSE
	EndGlobalSection
	GlobalSection(ExtensibilityGlobals) = postSolution
		SolutionGuid = {1981530B-EB98-4B85-BBDB-22D8E2CBC1D6}
	EndGlobalSection
EndGlobal
